{
  "name": "15.sql",
  "lockfileVersion": 2,
  "requires": true,
  "packages": {
    "": {
      "dependencies": {
        "vue-observe-visibility": "^1.0.0"
      }
    },
    "node_modules/vue-observe-visibility": {
      "version": "1.0.0",
      "resolved": "https://registry.npmjs.org/vue-observe-visibility/-/vue-observe-visibility-1.0.0.tgz",
      "integrity": "sha512-s5TFh3s3h3Mhd3jaz3zGzkVHKHnc/0C/gNr30olO99+yw2hl3WBhK3ng3/f9OF+qkW4+l7GkmwfAzDAcY3lCFg=="
    }
  },
  "dependencies": {
    "vue-observe-visibility": {
      "version": "1.0.0",
      "resolved": "https://registry.npmjs.org/vue-observe-visibility/-/vue-observe-visibility-1.0.0.tgz",
      "integrity": "sha512-s5TFh3s3h3Mhd3jaz3zGzkVHKHnc/0C/gNr30olO99+yw2hl3WBhK3ng3/f9OF+qkW4+l7GkmwfAzDAcY3lCFg=="
    }
  }
}
